
Microsoft Visual Studio Solution File, Format Version 12.00
# Visual Studio Version 17
VisualStudioVersion = 17.11.35303.130
MinimumVisualStudioVersion = 10.0.40219.1
Project("{FAE04EC0-301F-11D3-BF4B-00C04F79EFBC}") = "github1", "github1\github1.csproj", "{8FD775FE-EADE-4358-B0D9-4EFD2B475EA3}"
EndProject
Global
	GlobalSection(SolutionConfigurationPlatforms) = preSolution
		Debug|Any CPU = Debug|Any CPU
		Release|Any CPU = Release|Any CPU
	EndGlobalSection
	GlobalSection(ProjectConfigurationPlatforms) = postSolution
		{8FD775FE-EADE-4358-B0D9-4EFD2B475EA3}.Debug|Any CPU.ActiveCfg = Debug|Any CPU
		{8FD775FE-EADE-4358-B0D9-4EFD2B475EA3}.Debug|Any CPU.Build.0 = Debug|Any CPU
		{8FD775FE-EADE-4358-B0D9-4EFD2B475EA3}.Release|Any CPU.ActiveCfg = Release|Any CPU
		{8FD775FE-EADE-4358-B0D9-4EFD2B475EA3}.Release|Any CPU.Build.0 = Release|Any CPU
	EndGlobalSection
	GlobalSection(SolutionProperties) = preSolution
		HideSolutionNode = FALSE
	EndGlobalSection
	GlobalSection(ExtensibilityGlobals) = postSolution
		SolutionGuid = {8C137A95-5F13-4B34-A376-464C25FC7EBD}
	EndGlobalSection
EndGlobal
